
Microsoft Visual Studio Solution File, Format Version 12.00
# Visual Studio Version 17
VisualStudioVersion = 17.4.33205.214
MinimumVisualStudioVersion = 10.0.40219.1
Project("{FAE04EC0-301F-11D3-BF4B-00C04F79EFBC}") = "FullProject", "FullProject\FullProject.csproj", "{1780DF74-2F19-4E80-9A4E-9A7A64347B2E}"
EndProject
Global
	GlobalSection(SolutionConfigurationPlatforms) = preSolution
		Debug|Any CPU = Debug|Any CPU
		Release|Any CPU = Release|Any CPU
	EndGlobalSection
	GlobalSection(ProjectConfigurationPlatforms) = postSolution
		{1780DF74-2F19-4E80-9A4E-9A7A64347B2E}.Debug|Any CPU.ActiveCfg = Debug|Any CPU
		{1780DF74-2F19-4E80-9A4E-9A7A64347B2E}.Debug|Any CPU.Build.0 = Debug|Any CPU
		{1780DF74-2F19-4E80-9A4E-9A7A64347B2E}.Release|Any CPU.ActiveCfg = Release|Any CPU
		{1780DF74-2F19-4E80-9A4E-9A7A64347B2E}.Release|Any CPU.Build.0 = Release|Any CPU
	EndGlobalSection
	GlobalSection(SolutionProperties) = preSolution
		HideSolutionNode = FALSE
	EndGlobalSection
	GlobalSection(ExtensibilityGlobals) = postSolution
		SolutionGuid = {7A93631A-0D7E-4118-BB25-3341E01D07E6}
	EndGlobalSection
EndGlobal
